
Microsoft Visual Studio Solution File, Format Version 12.00
# Visual Studio Version 17
VisualStudioVersion = 17.0.32112.339
MinimumVisualStudioVersion = 10.0.40219.1
Project("{FAE04EC0-301F-11D3-BF4B-00C04F79EFBC}") = "DotNetOOP", "DotNetOOP\DotNetOOP.csproj", "{53472052-E709-4AEA-99B0-05B97507F7A5}"
EndProject
Project("{FAE04EC0-301F-11D3-BF4B-00C04F79EFBC}") = "1.DataType", "DataType\1.DataType.csproj", "{F5E57AB3-6BB0-4B4A-A074-A8178ED6E804}"
EndProject
Project("{FAE04EC0-301F-11D3-BF4B-00C04F79EFBC}") = "2.ConsoleApp", "2.ConsoleApp\2.ConsoleApp.csproj", "{118F150C-F16B-4E76-BD74-0376853DA8D6}"
EndProject
Project("{FAE04EC0-301F-11D3-BF4B-00C04F79EFBC}") = "3.OppIntro", "3.OppIntro\3.OppIntro.csproj", "{BFC89B6A-E78B-47FA-B1EA-09838B2ABD71}"
EndProject
Project("{FAE04EC0-301F-11D3-BF4B-00C04F79EFBC}") = "4.ConstractorIntro", "4.ConstractorIntro\4.ConstractorIntro.csproj", "{3FD514DF-AEC6-426E-B1BA-B0901A248A48}"
EndProject
Project("{FAE04EC0-301F-11D3-BF4B-00C04F79EFBC}") = "5.AcessSpecifiers", "5.AcessSpecifiers\5.AcessSpecifiers.csproj", "{BFFE8339-F1A3-471E-93E9-87BFC48E706B}"
EndProject
Project("{FAE04EC0-301F-11D3-BF4B-00C04F79EFBC}") = "LIB01", "LIB01\LIB01.csproj", "{475CBCCE-E632-4CBB-8093-B07294170B11}"
EndProject
Project("{FAE04EC0-301F-11D3-BF4B-00C04F79EFBC}") = "LIB02", "LIB02\LIB02.csproj", "{50D2A2BB-9CE0-4B2F-922E-53C828403110}"
EndProject
Project("{FAE04EC0-301F-11D3-BF4B-00C04F79EFBC}") = "6.Encapsulation", "6.Encapsulation\6.Encapsulation.csproj", "{A4C77978-C1B8-40ED-93AC-72A7F8992B8C}"
EndProject
Project("{FAE04EC0-301F-11D3-BF4B-00C04F79EFBC}") = "7.AbstractionsDemo", "7.AbstractionsDemo\7.AbstractionsDemo.csproj", "{A395C87F-FB23-40D2-86CD-16C84FBAF645}"
EndProject
Project("{FAE04EC0-301F-11D3-BF4B-00C04F79EFBC}") = "8.Inheritance", "8.Inheritance\8.Inheritance.csproj", "{00DD9038-67C0-4EDD-9796-5E1BC282FBCC}"
EndProject
Project("{FAE04EC0-301F-11D3-BF4B-00C04F79EFBC}") = "9.AbstractionDetails", "9.AbstractionDetails\9.AbstractionDetails.csproj", "{0C5875B4-33A1-4BCE-9AF9-98E257881649}"
EndProject
Project("{FAE04EC0-301F-11D3-BF4B-00C04F79EFBC}") = "10.Polymorphism", "10.Polymorphism\10.Polymorphism.csproj", "{B0E29A69-47A4-4142-A58D-C273B1C256AD}"
EndProject
Project("{FAE04EC0-301F-11D3-BF4B-00C04F79EFBC}") = "11.PartialInto", "11.PartialInto\11.PartialInto.csproj", "{94964577-D07C-4556-A2A4-80B0D037A95F}"
EndProject
Project("{FAE04EC0-301F-11D3-BF4B-00C04F79EFBC}") = "11.1 PartialClassesinto", "11.1 PartialClassesinto\11.1 PartialClassesinto.csproj", "{C55FE051-DC3A-4AD4-ABCE-C99B1322F780}"
EndProject
Project("{FAE04EC0-301F-11D3-BF4B-00C04F79EFBC}") = "11.2 PartialProblams", "11.2 PartialProblams\11.2 PartialProblams.csproj", "{4885E852-09CF-43EB-B4D4-711D45192DBA}"
EndProject
Global
	GlobalSection(SolutionConfigurationPlatforms) = preSolution
		Debug|Any CPU = Debug|Any CPU
		Release|Any CPU = Release|Any CPU
	EndGlobalSection
	GlobalSection(ProjectConfigurationPlatforms) = postSolution
		{53472052-E709-4AEA-99B0-05B97507F7A5}.Debug|Any CPU.ActiveCfg = Debug|Any CPU
		{53472052-E709-4AEA-99B0-05B97507F7A5}.Debug|Any CPU.Build.0 = Debug|Any CPU
		{53472052-E709-4AEA-99B0-05B97507F7A5}.Release|Any CPU.ActiveCfg = Release|Any CPU
		{53472052-E709-4AEA-99B0-05B97507F7A5}.Release|Any CPU.Build.0 = Release|Any CPU
		{F5E57AB3-6BB0-4B4A-A074-A8178ED6E804}.Debug|Any CPU.ActiveCfg = Debug|Any CPU
		{F5E57AB3-6BB0-4B4A-A074-A8178ED6E804}.Debug|Any CPU.Build.0 = Debug|Any CPU
		{F5E57AB3-6BB0-4B4A-A074-A8178ED6E804}.Release|Any CPU.ActiveCfg = Release|Any CPU
		{F5E57AB3-6BB0-4B4A-A074-A8178ED6E804}.Release|Any CPU.Build.0 = Release|Any CPU
		{118F150C-F16B-4E76-BD74-0376853DA8D6}.Debug|Any CPU.ActiveCfg = Debug|Any CPU
		{118F150C-F16B-4E76-BD74-0376853DA8D6}.Debug|Any CPU.Build.0 = Debug|Any CPU
		{118F150C-F16B-4E76-BD74-0376853DA8D6}.Release|Any CPU.ActiveCfg = Release|Any CPU
		{118F150C-F16B-4E76-BD74-0376853DA8D6}.Release|Any CPU.Build.0 = Release|Any CPU
		{BFC89B6A-E78B-47FA-B1EA-09838B2ABD71}.Debug|Any CPU.ActiveCfg = Debug|Any CPU
		{BFC89B6A-E78B-47FA-B1EA-09838B2ABD71}.Debug|Any CPU.Build.0 = Debug|Any CPU
		{BFC89B6A-E78B-47FA-B1EA-09838B2ABD71}.Release|Any CPU.ActiveCfg = Release|Any CPU
		{BFC89B6A-E78B-47FA-B1EA-09838B2ABD71}.Release|Any CPU.Build.0 = Release|Any CPU
		{3FD514DF-AEC6-426E-B1BA-B0901A248A48}.Debug|Any CPU.ActiveCfg = Debug|Any CPU
		{3FD514DF-AEC6-426E-B1BA-B0901A248A48}.Debug|Any CPU.Build.0 = Debug|Any CPU
		{3FD514DF-AEC6-426E-B1BA-B0901A248A48}.Release|Any CPU.ActiveCfg = Release|Any CPU
		{3FD514DF-AEC6-426E-B1BA-B0901A248A48}.Release|Any CPU.Build.0 = Release|Any CPU
		{BFFE8339-F1A3-471E-93E9-87BFC48E706B}.Debug|Any CPU.ActiveCfg = Debug|Any CPU
		{BFFE8339-F1A3-471E-93E9-87BFC48E706B}.Debug|Any CPU.Build.0 = Debug|Any CPU
		{BFFE8339-F1A3-471E-93E9-87BFC48E706B}.Release|Any CPU.ActiveCfg = Release|Any CPU
		{BFFE8339-F1A3-471E-93E9-87BFC48E706B}.Release|Any CPU.Build.0 = Release|Any CPU
		{475CBCCE-E632-4CBB-8093-B07294170B11}.Debug|Any CPU.ActiveCfg = Debug|Any CPU
		{475CBCCE-E632-4CBB-8093-B07294170B11}.Debug|Any CPU.Build.0 = Debug|Any CPU
		{475CBCCE-E632-4CBB-8093-B07294170B11}.Release|Any CPU.ActiveCfg = Release|Any CPU
		{475CBCCE-E632-4CBB-8093-B07294170B11}.Release|Any CPU.Build.0 = Release|Any CPU
		{50D2A2BB-9CE0-4B2F-922E-53C828403110}.Debug|Any CPU.ActiveCfg = Debug|Any CPU
		{50D2A2BB-9CE0-4B2F-922E-53C828403110}.Debug|Any CPU.Build.0 = Debug|Any CPU
		{50D2A2BB-9CE0-4B2F-922E-53C828403110}.Release|Any CPU.ActiveCfg = Release|Any CPU
		{50D2A2BB-9CE0-4B2F-922E-53C828403110}.Release|Any CPU.Build.0 = Release|Any CPU
		{A4C77978-C1B8-40ED-93AC-72A7F8992B8C}.Debug|Any CPU.ActiveCfg = Debug|Any CPU
		{A4C77978-C1B8-40ED-93AC-72A7F8992B8C}.Debug|Any CPU.Build.0 = Debug|Any CPU
		{A4C77978-C1B8-40ED-93AC-72A7F8992B8C}.Release|Any CPU.ActiveCfg = Release|Any CPU
		{A4C77978-C1B8-40ED-93AC-72A7F8992B8C}.Release|Any CPU.Build.0 = Release|Any CPU
		{A395C87F-FB23-40D2-86CD-16C84FBAF645}.Debug|Any CPU.ActiveCfg = Debug|Any CPU
		{A395C87F-FB23-40D2-86CD-16C84FBAF645}.Debug|Any CPU.Build.0 = Debug|Any CPU
		{A395C87F-FB23-40D2-86CD-16C84FBAF645}.Release|Any CPU.ActiveCfg = Release|Any CPU
		{A395C87F-FB23-40D2-86CD-16C84FBAF645}.Release|Any CPU.Build.0 = Release|Any CPU
		{00DD9038-67C0-4EDD-9796-5E1BC282FBCC}.Debug|Any CPU.ActiveCfg = Debug|Any CPU
		{00DD9038-67C0-4EDD-9796-5E1BC282FBCC}.Debug|Any CPU.Build.0 = Debug|Any CPU
		{00DD9038-67C0-4EDD-9796-5E1BC282FBCC}.Release|Any CPU.ActiveCfg = Release|Any CPU
		{00DD9038-67C0-4EDD-9796-5E1BC282FBCC}.Release|Any CPU.Build.0 = Release|Any CPU
		{0C5875B4-33A1-4BCE-9AF9-98E257881649}.Debug|Any CPU.ActiveCfg = Debug|Any CPU
		{0C5875B4-33A1-4BCE-9AF9-98E257881649}.Debug|Any CPU.Build.0 = Debug|Any CPU
		{0C5875B4-33A1-4BCE-9AF9-98E257881649}.Release|Any CPU.ActiveCfg = Release|Any CPU
		{0C5875B4-33A1-4BCE-9AF9-98E257881649}.Release|Any CPU.Build.0 = Release|Any CPU
		{B0E29A69-47A4-4142-A58D-C273B1C256AD}.Debug|Any CPU.ActiveCfg = Debug|Any CPU
		{B0E29A69-47A4-4142-A58D-C273B1C256AD}.Debug|Any CPU.Build.0 = Debug|Any CPU
		{B0E29A69-47A4-4142-A58D-C273B1C256AD}.Release|Any CPU.ActiveCfg = Release|Any CPU
		{B0E29A69-47A4-4142-A58D-C273B1C256AD}.Release|Any CPU.Build.0 = Release|Any CPU
		{94964577-D07C-4556-A2A4-80B0D037A95F}.Debug|Any CPU.ActiveCfg = Debug|Any CPU
		{94964577-D07C-4556-A2A4-80B0D037A95F}.Debug|Any CPU.Build.0 = Debug|Any CPU
		{94964577-D07C-4556-A2A4-80B0D037A95F}.Release|Any CPU.ActiveCfg = Release|Any CPU
		{94964577-D07C-4556-A2A4-80B0D037A95F}.Release|Any CPU.Build.0 = Release|Any CPU
		{C55FE051-DC3A-4AD4-ABCE-C99B1322F780}.Debug|Any CPU.ActiveCfg = Debug|Any CPU
		{C55FE051-DC3A-4AD4-ABCE-C99B1322F780}.Debug|Any CPU.Build.0 = Debug|Any CPU
		{C55FE051-DC3A-4AD4-ABCE-C99B1322F780}.Release|Any CPU.ActiveCfg = Release|Any CPU
		{C55FE051-DC3A-4AD4-ABCE-C99B1322F780}.Release|Any CPU.Build.0 = Release|Any CPU
		{4885E852-09CF-43EB-B4D4-711D45192DBA}.Debug|Any CPU.ActiveCfg = Debug|Any CPU
		{4885E852-09CF-43EB-B4D4-711D45192DBA}.Debug|Any CPU.Build.0 = Debug|Any CPU
		{4885E852-09CF-43EB-B4D4-711D45192DBA}.Release|Any CPU.ActiveCfg = Release|Any CPU
		{4885E852-09CF-43EB-B4D4-711D45192DBA}.Release|Any CPU.Build.0 = Release|Any CPU
	EndGlobalSection
	GlobalSection(SolutionProperties) = preSolution
		HideSolutionNode = FALSE
	EndGlobalSection
	GlobalSection(ExtensibilityGlobals) = postSolution
		SolutionGuid = {E2152EB0-ADBB-4A8A-B2DC-4ACE1E62E4B7}
	EndGlobalSection
EndGlobal
